<?xml version="1.0" encoding="utf-8"?>
<Project ToolsVersion="4.0" xmlns="http://schemas.microsoft.com/developer/msbuild/2003">
  <ItemGroup>
    <Filter Include="Source Files">
      <UniqueIdentifier>{4FC737F1-C7A5-4376-A066-2A32D752A2FF}</UniqueIdentifier>
      <Extensions>cpp;c;cc;cxx;def;odl;idl;hpj;bat;asm;asmx</Extensions>
    </Filter>
    <Filter Include="Header Files">
      <UniqueIdentifier>{93995380-89BD-4b04-88EB-625FBE52EBFB}</UniqueIdentifier>
      <Extensions>h;hh;hpp;hxx;hm;inl;inc;xsd</Extensions>
    </Filter>
    <Filter Include="Resource Files">
      <UniqueIdentifier>{67DA6AB6-F800-4c08-8B7A-83BB121AAD01}</UniqueIdentifier>
      <Extensions>rc;ico;cur;bmp;dlg;rc2;rct;bin;rgs;gif;jpg;jpeg;jpe;resx;tiff;tif;png;wav;mfcribbon-ms</Extensions>
    </Filter>
    <Filter Include="Source Files\Components">
      <UniqueIdentifier>{ce8868ea-a08c-4e71-adb7-be9a7ae3a06b}</UniqueIdentifier>
    </Filter>
    <Filter Include="Header Files\Components">
      <UniqueIdentifier>{3c7e2daf-7392-4750-961c-b9f3878055ea}</UniqueIdentifier>
    </Filter>
    <Filter Include="Header Files\Visuals">
      <UniqueIdentifier>{b6bd92df-1e8e-49be-8166-473c1b39aa3e}</UniqueIdentifier>
    </Filter>
    <Filter Include="Source Files\Visuals">
      <UniqueIdentifier>{79eb0736-3fb5-4b4b-b4d6-89dcb7968d9b}</UniqueIdentifier>
    </Filter>
    <Filter Include="Header Files\Main">
      <UniqueIdentifier>{7b89a951-aeab-4273-90d0-46b8f18b06ac}</UniqueIdentifier>
    </Filter>
    <Filter Include="Source Files\Main">
      <UniqueIdentifier>{b2310c6a-0b34-49e0-a1d4-a5eac01130ee}</UniqueIdentifier>
    </Filter>
    <Filter Include="Header Files\Managers">
      <UniqueIdentifier>{e443fed4-78ae-439a-83cc-0da4ef04be0e}</UniqueIdentifier>
    </Filter>
    <Filter Include="Source Files\Managers">
      <UniqueIdentifier>{10119c74-1927-4bfb-a1d8-23d7d7342157}</UniqueIdentifier>
    </Filter>
    <Filter Include="Header Files\Singletons">
      <UniqueIdentifier>{bf2a3fab-b0f6-4111-882b-d885bae98c65}</UniqueIdentifier>
    </Filter>
    <Filter Include="Source Files\Singletons">
      <UniqueIdentifier>{e905a44b-b1c1-4e08-b148-e9fbb83a24c5}</UniqueIdentifier>
    </Filter>
    <Filter Include="Header Files\Components\BaseComponets">
      <UniqueIdentifier>{e7e7449a-0066-4183-9d91-fcf8bb14db2b}</UniqueIdentifier>
    </Filter>
    <Filter Include="Header Files\GameStuff">
      <UniqueIdentifier>{de1074cc-623d-44db-b5d5-9fad52e90709}</UniqueIdentifier>
    </Filter>
    <Filter Include="Source Files\GameStuff">
      <UniqueIdentifier>{385bd68a-44be-41f6-8146-97e46866d2d9}</UniqueIdentifier>
    </Filter>
  </ItemGroup>
  <ItemGroup>
    <ClInclude Include="Log.h">
      <Filter>Header Files</Filter>
    </ClInclude>
    <ClInclude Include="GameObject.h">
      <Filter>Header Files</Filter>
    </ClInclude>
    <ClInclude Include="Scene.h">
      <Filter>Header Files</Filter>
    </ClInclude>
    <ClInclude Include="Command.h">
      <Filter>Header Files</Filter>
    </ClInclude>
    <ClInclude Include="Texture2D.h">
      <Filter>Header Files\Visuals</Filter>
    </ClInclude>
    <ClInclude Include="Renderer.h">
      <Filter>Header Files\Visuals</Filter>
    </ClInclude>
    <ClInclude Include="Font.h">
      <Filter>Header Files\Visuals</Filter>
    </ClInclude>
    <ClInclude Include="Minigin.h">
      <Filter>Header Files\Main</Filter>
    </ClInclude>
    <ClInclude Include="MiniginPCH.h">
      <Filter>Header Files\Main</Filter>
    </ClInclude>
    <ClInclude Include="SceneManager.h">
      <Filter>Header Files\Managers</Filter>
    </ClInclude>
    <ClInclude Include="ResourceManager.h">
      <Filter>Header Files\Managers</Filter>
    </ClInclude>
    <ClInclude Include="InputManager.h">
      <Filter>Header Files\Managers</Filter>
    </ClInclude>
    <ClInclude Include="Singleton.h">
      <Filter>Header Files\Singletons</Filter>
    </ClInclude>
    <ClInclude Include="Time.h">
      <Filter>Header Files\Singletons</Filter>
    </ClInclude>
    <ClInclude Include="targetver.h">
      <Filter>Header Files\Main</Filter>
    </ClInclude>
    <ClInclude Include="LevelScene.h">
      <Filter>Header Files</Filter>
    </ClInclude>
    <ClInclude Include="BaseComponent.h">
      <Filter>Header Files\Components\BaseComponets</Filter>
    </ClInclude>
    <ClInclude Include="ColliderComponent.h">
      <Filter>Header Files\Components\BaseComponets</Filter>
    </ClInclude>
    <ClInclude Include="CommandComponent.h">
      <Filter>Header Files\Components\BaseComponets</Filter>
    </ClInclude>
    <ClInclude Include="FPSComponent.h">
      <Filter>Header Files\Components\BaseComponets</Filter>
    </ClInclude>
    <ClInclude Include="MovementComponent.h">
      <Filter>Header Files\Components\BaseComponets</Filter>
    </ClInclude>
    <ClInclude Include="RenderComponent.h">
      <Filter>Header Files\Components\BaseComponets</Filter>
    </ClInclude>
    <ClInclude Include="SpriteComponent.h">
      <Filter>Header Files\Components\BaseComponets</Filter>
    </ClInclude>
    <ClInclude Include="TextComponent.h">
      <Filter>Header Files\Components\BaseComponets</Filter>
    </ClInclude>
    <ClInclude Include="TextureComponent.h">
      <Filter>Header Files\Components\BaseComponets</Filter>
    </ClInclude>
    <ClInclude Include="Transform.h">
      <Filter>Header Files\Components\BaseComponets</Filter>
    </ClInclude>
    <ClInclude Include="GridBlock.h">
      <Filter>Header Files\GameStuff</Filter>
    </ClInclude>
    <ClInclude Include="GridSystem.h">
      <Filter>Header Files\GameStuff</Filter>
    </ClInclude>
    <ClInclude Include="AStar.h">
      <Filter>Header Files</Filter>
    </ClInclude>
    <ClInclude Include="Character.h">
      <Filter>Header Files</Filter>
    </ClInclude>
    <ClInclude Include="ActionComponent.h">
      <Filter>Header Files\Components\BaseComponets</Filter>
    </ClInclude>
    <ClInclude Include="Observer.h">
      <Filter>Header Files</Filter>
    </ClInclude>
    <ClInclude Include="SlidingBlock.h">
      <Filter>Header Files\GameStuff</Filter>
    </ClInclude>
    <ClInclude Include="ButtonComponent.h">
      <Filter>Header Files\Components\BaseComponets</Filter>
    </ClInclude>
  </ItemGroup>
  <ItemGroup>
    <ClCompile Include="Log.cpp">
      <Filter>Source Files</Filter>
    </ClCompile>
    <ClCompile Include="GameObject.cpp">
      <Filter>Source Files</Filter>
    </ClCompile>
    <ClCompile Include="Scene.cpp">
      <Filter>Source Files</Filter>
    </ClCompile>
    <ClCompile Include="RenderComponent.cpp">
      <Filter>Source Files\Components</Filter>
    </ClCompile>
    <ClCompile Include="TextureComponent.cpp">
      <Filter>Source Files\Components</Filter>
    </ClCompile>
    <ClCompile Include="BaseComponent.cpp">
      <Filter>Source Files\Components</Filter>
    </ClCompile>
    <ClCompile Include="Transform.cpp">
      <Filter>Source Files\Components</Filter>
    </ClCompile>
    <ClCompile Include="TextComponent.cpp">
      <Filter>Source Files\Components</Filter>
    </ClCompile>
    <ClCompile Include="FPSComponent.cpp">
      <Filter>Source Files\Components</Filter>
    </ClCompile>
    <ClCompile Include="Command.cpp">
      <Filter>Source Files</Filter>
    </ClCompile>
    <ClCompile Include="MovementComponent.cpp">
      <Filter>Source Files\Components</Filter>
    </ClCompile>
    <ClCompile Include="CommandComponent.cpp">
      <Filter>Source Files\Components</Filter>
    </ClCompile>
    <ClCompile Include="Font.cpp">
      <Filter>Source Files\Visuals</Filter>
    </ClCompile>
    <ClCompile Include="Texture2D.cpp">
      <Filter>Source Files\Visuals</Filter>
    </ClCompile>
    <ClCompile Include="Renderer.cpp">
      <Filter>Source Files\Visuals</Filter>
    </ClCompile>
    <ClCompile Include="Main.cpp">
      <Filter>Source Files\Main</Filter>
    </ClCompile>
    <ClCompile Include="Minigin.cpp">
      <Filter>Source Files\Main</Filter>
    </ClCompile>
    <ClCompile Include="MiniginPCH.cpp">
      <Filter>Source Files\Main</Filter>
    </ClCompile>
    <ClCompile Include="InputManager.cpp">
      <Filter>Source Files\Managers</Filter>
    </ClCompile>
    <ClCompile Include="ResourceManager.cpp">
      <Filter>Source Files\Managers</Filter>
    </ClCompile>
    <ClCompile Include="SceneManager.cpp">
      <Filter>Source Files\Managers</Filter>
    </ClCompile>
    <ClCompile Include="Time.cpp">
      <Filter>Source Files\Singletons</Filter>
    </ClCompile>
    <ClCompile Include="LevelScene.cpp">
      <Filter>Source Files</Filter>
    </ClCompile>
    <ClCompile Include="ColliderComponent.cpp">
      <Filter>Source Files\Components</Filter>
    </ClCompile>
    <ClCompile Include="SpriteComponent.cpp">
      <Filter>Source Files\Components</Filter>
    </ClCompile>
    <ClCompile Include="GridBlock.cpp">
      <Filter>Source Files\GameStuff</Filter>
    </ClCompile>
    <ClCompile Include="GridSystem.cpp">
      <Filter>Source Files\GameStuff</Filter>
    </ClCompile>
    <ClCompile Include="AStar.cpp">
      <Filter>Source Files</Filter>
    </ClCompile>
    <ClCompile Include="Character.cpp">
      <Filter>Source Files</Filter>
    </ClCompile>
    <ClCompile Include="ActionComponent.cpp">
      <Filter>Source Files\Components</Filter>
    </ClCompile>
    <ClCompile Include="Observers.cpp">
      <Filter>Source Files</Filter>
    </ClCompile>
    <ClCompile Include="SlidingBlock.cpp">
      <Filter>Source Files\GameStuff</Filter>
    </ClCompile>
    <ClCompile Include="ButtonComponent.cpp">
      <Filter>Source Files\Components</Filter>
    </ClCompile>
  </ItemGroup>
</Project>